// !$*UTF8*$!
{
	archiveVersion = 1;
	classes = {
	};
	objectVersion = 46;
	objects = {

/* Begin PBXBuildFile section */
		F5045A941EDDA5B200D5B602 /* AppDelegate.swift in Sources */ = {isa = PBXBuildFile; fileRef = F5045A931EDDA5B200D5B602 /* AppDelegate.swift */; };
		F5045A961EDDA5B200D5B602 /* ViewController.swift in Sources */ = {isa = PBXBuildFile; fileRef = F5045A951EDDA5B200D5B602 /* ViewController.swift */; };
		F5045A991EDDA5B200D5B602 /* Main.storyboard in Resources */ = {isa = PBXBuildFile; fileRef = F5045A971EDDA5B200D5B602 /* Main.storyboard */; };
		F5045A9B1EDDA5B200D5B602 /* Assets.xcassets in Resources */ = {isa = PBXBuildFile; fileRef = F5045A9A1EDDA5B200D5B602 /* Assets.xcassets */; };
		F5045A9E1EDDA5B200D5B602 /* LaunchScreen.storyboard in Resources */ = {isa = PBXBuildFile; fileRef = F5045A9C1EDDA5B200D5B602 /* LaunchScreen.storyboard */; };
		F5045AA61EDDAA4200D5B602 /* pokemon.csv in Resources */ = {isa = PBXBuildFile; fileRef = F5045AA51EDDAA4200D5B602 /* pokemon.csv */; };
		F5045AAC1EDDABF100D5B602 /* pokemon.swift in Sources */ = {isa = PBXBuildFile; fileRef = F5045AAB1EDDABF100D5B602 /* pokemon.swift */; };
		F5045AAF1EDDB6D700D5B602 /* pokeCell.swift in Sources */ = {isa = PBXBuildFile; fileRef = F5045AAE1EDDB6D700D5B602 /* pokeCell.swift */; };
		F546C5AF1EDEFA56002CE2C9 /* csv.swift in Sources */ = {isa = PBXBuildFile; fileRef = F546C5AE1EDEFA56002CE2C9 /* csv.swift */; };
		F5FBD6E11EE1C1780052C472 /* Pokemon Solid.ttf in Resources */ = {isa = PBXBuildFile; fileRef = F5FBD6E01EE1C1780052C472 /* Pokemon Solid.ttf */; };
/* End PBXBuildFile section */

/* Begin PBXFileReference section */
		F5045A901EDDA5B200D5B602 /* pokemon.app */ = {isa = PBXFileReference; explicitFileType = wrapper.application; includeInIndex = 0; path = pokemon.app; sourceTree = BUILT_PRODUCTS_DIR; };
		F5045A931EDDA5B200D5B602 /* AppDelegate.swift */ = {isa = PBXFileReference; lastKnownFileType = sourcecode.swift; path = AppDelegate.swift; sourceTree = "<group>"; };
		F5045A951EDDA5B200D5B602 /* ViewController.swift */ = {isa = PBXFileReference; lastKnownFileType = sourcecode.swift; name = ViewController.swift; path = pokemon/ViewController.swift; sourceTree = "<group>"; };
		F5045A981EDDA5B200D5B602 /* Base */ = {isa = PBXFileReference; lastKnownFileType = file.storyboard; name = Base; path = Base.lproj/Main.storyboard; sourceTree = "<group>"; };
		F5045A9A1EDDA5B200D5B602 /* Assets.xcassets */ = {isa = PBXFileReference; lastKnownFileType = folder.assetcatalog; path = Assets.xcassets; sourceTree = "<group>"; };
		F5045A9D1EDDA5B200D5B602 /* Base */ = {isa = PBXFileReference; lastKnownFileType = file.storyboard; name = Base; path = Base.lproj/LaunchScreen.storyboard; sourceTree = "<group>"; };
		F5045A9F1EDDA5B200D5B602 /* Info.plist */ = {isa = PBXFileReference; lastKnownFileType = text.plist.xml; path = Info.plist; sourceTree = "<group>"; };
		F5045AA51EDDAA4200D5B602 /* pokemon.csv */ = {isa = PBXFileReference; fileEncoding = 4; lastKnownFileType = text; name = pokemon.csv; path = pokemon/pokemon.csv; sourceTree = "<group>"; };
		F5045AAB1EDDABF100D5B602 /* pokemon.swift */ = {isa = PBXFileReference; fileEncoding = 4; lastKnownFileType = sourcecode.swift; path = pokemon.swift; sourceTree = "<group>"; };
		F5045AAE1EDDB6D700D5B602 /* pokeCell.swift */ = {isa = PBXFileReference; fileEncoding = 4; lastKnownFileType = sourcecode.swift; path = pokeCell.swift; sourceTree = "<group>"; };
		F546C5AE1EDEFA56002CE2C9 /* csv.swift */ = {isa = PBXFileReference; fileEncoding = 4; lastKnownFileType = sourcecode.swift; name = csv.swift; path = pokemon/csv.swift; sourceTree = "<group>"; };
		F5FBD6E01EE1C1780052C472 /* Pokemon Solid.ttf */ = {isa = PBXFileReference; lastKnownFileType = file; path = "Pokemon Solid.ttf"; sourceTree = "<group>"; };
/* End PBXFileReference section */

/* Begin PBXFrameworksBuildPhase section */
		F5045A8D1EDDA5B200D5B602 /* Frameworks */ = {
			isa = PBXFrameworksBuildPhase;
			buildActionMask = 2147483647;
			files = (
			);
			runOnlyForDeploymentPostprocessing = 0;
		};
/* End PBXFrameworksBuildPhase section */

/* Begin PBXGroup section */
		F5045A871EDDA5B200D5B602 = {
			isa = PBXGroup;
			children = (
				F5045A921EDDA5B200D5B602 /* pokemon */,
				F5045A911EDDA5B200D5B602 /* Products */,
			);
			sourceTree = "<group>";
		};
		F5045A911EDDA5B200D5B602 /* Products */ = {
			isa = PBXGroup;
			children = (
				F5045A901EDDA5B200D5B602 /* pokemon.app */,
			);
			name = Products;
			sourceTree = "<group>";
		};
		F5045A921EDDA5B200D5B602 /* pokemon */ = {
			isa = PBXGroup;
			children = (
				F5045AAA1EDDABB100D5B602 /* Modle */,
				F5045AAD1EDDB69300D5B602 /* View */,
				F546C5B01EDF06F4002CE2C9 /* Controller */,
				F546C5B11EDF0705002CE2C9 /* Resources */,
				F546C5B21EDF0736002CE2C9 /* Util */,
				F5045A931EDDA5B200D5B602 /* AppDelegate.swift */,
				F5045A971EDDA5B200D5B602 /* Main.storyboard */,
				F5045A9A1EDDA5B200D5B602 /* Assets.xcassets */,
				F5045A9C1EDDA5B200D5B602 /* LaunchScreen.storyboard */,
				F5045A9F1EDDA5B200D5B602 /* Info.plist */,
			);
			path = pokemon;
			sourceTree = "<group>";
		};
		F5045AAA1EDDABB100D5B602 /* Modle */ = {
			isa = PBXGroup;
			children = (
				F5045AAB1EDDABF100D5B602 /* pokemon.swift */,
			);
			name = Modle;
			path = ..;
			sourceTree = "<group>";
		};
		F5045AAD1EDDB69300D5B602 /* View */ = {
			isa = PBXGroup;
			children = (
				F5045AAE1EDDB6D700D5B602 /* pokeCell.swift */,
			);
			name = View;
			path = ..;
			sourceTree = "<group>";
		};
		F546C5B01EDF06F4002CE2C9 /* Controller */ = {
			isa = PBXGroup;
			children = (
				F5045A951EDDA5B200D5B602 /* ViewController.swift */,
			);
			name = Controller;
			path = ..;
			sourceTree = "<group>";
		};
		F546C5B11EDF0705002CE2C9 /* Resources */ = {
			isa = PBXGroup;
			children = (
				F5045AA51EDDAA4200D5B602 /* pokemon.csv */,
				F5FBD6E01EE1C1780052C472 /* Pokemon Solid.ttf */,
			);
			name = Resources;
			path = ..;
			sourceTree = "<group>";
		};
		F546C5B21EDF0736002CE2C9 /* Util */ = {
			isa = PBXGroup;
			children = (
				F546C5AE1EDEFA56002CE2C9 /* csv.swift */,
			);
			name = Util;
			path = ..;
			sourceTree = "<group>";
		};
/* End PBXGroup section */

/* Begin PBXNativeTarget section */
		F5045A8F1EDDA5B200D5B602 /* pokemon */ = {
			isa = PBXNativeTarget;
			buildConfigurationList = F5045AA21EDDA5B200D5B602 /* Build configuration list for PBXNativeTarget "pokemon" */;
			buildPhases = (
				F5045A8C1EDDA5B200D5B602 /* Sources */,
				F5045A8D1EDDA5B200D5B602 /* Frameworks */,
				F5045A8E1EDDA5B200D5B602 /* Resources */,
			);
			buildRules = (
			);
			dependencies = (
			);
			name = pokemon;
			productName = pokemon;
			productReference = F5045A901EDDA5B200D5B602 /* pokemon.app */;
			productType = "com.apple.product-type.application";
		};
/* End PBXNativeTarget section */

/* Begin PBXProject section */
		F5045A881EDDA5B200D5B602 /* Project object */ = {
			isa = PBXProject;
			attributes = {
				LastSwiftUpdateCheck = 0830;
				LastUpgradeCheck = 0830;
				ORGANIZATIONNAME = eric;
				TargetAttributes = {
					F5045A8F1EDDA5B200D5B602 = {
						CreatedOnToolsVersion = 8.3.2;
						DevelopmentTeam = V7Y7N3XL88;
						LastSwiftMigration = 0830;
						ProvisioningStyle = Automatic;
					};
				};
			};
			buildConfigurationList = F5045A8B1EDDA5B200D5B602 /* Build configuration list for PBXProject "pokemon" */;
			compatibilityVersion = "Xcode 3.2";
			developmentRegion = English;
			hasScannedForEncodings = 0;
			knownRegions = (
				en,
				Base,
			);
			mainGroup = F5045A871EDDA5B200D5B602;
			productRefGroup = F5045A911EDDA5B200D5B602 /* Products */;
			projectDirPath = "";
			projectRoot = "";
			targets = (
				F5045A8F1EDDA5B200D5B602 /* pokemon */,
			);
		};
/* End PBXProject section */

/* Begin PBXResourcesBuildPhase section */
		F5045A8E1EDDA5B200D5B602 /* Resources */ = {
			isa = PBXResourcesBuildPhase;
			buildActionMask = 2147483647;
			files = (
				F5FBD6E11EE1C1780052C472 /* Pokemon Solid.ttf in Resources */,
				F5045A9E1EDDA5B200D5B602 /* LaunchScreen.storyboard in Resources */,
				F5045A9B1EDDA5B200D5B602 /* Assets.xcassets in Resources */,
				F5045AA61EDDAA4200D5B602 /* pokemon.csv in Resources */,
				F5045A991EDDA5B200D5B602 /* Main.storyboard in Resources */,
			);
			runOnlyForDeploymentPostprocessing = 0;
		};
/* End PBXResourcesBuildPhase section */

/* Begin PBXSourcesBuildPhase section */
		F5045A8C1EDDA5B200D5B602 /* Sources */ = {
			isa = PBXSourcesBuildPhase;
			buildActionMask = 2147483647;
			files = (
				F5045AAF1EDDB6D700D5B602 /* pokeCell.swift in Sources */,
				F5045AAC1EDDABF100D5B602 /* pokemon.swift in Sources */,
				F5045A961EDDA5B200D5B602 /* ViewController.swift in Sources */,
				F5045A941EDDA5B200D5B602 /* AppDelegate.swift in Sources */,
				F546C5AF1EDEFA56002CE2C9 /* csv.swift in Sources */,
			);
			runOnlyForDeploymentPostprocessing = 0;
		};
/* End PBXSourcesBuildPhase section */

/* Begin PBXVariantGroup section */
		F5045A971EDDA5B200D5B602 /* Main.storyboard */ = {
			isa = PBXVariantGroup;
			children = (
				F5045A981EDDA5B200D5B602 /* Base */,
			);
			name = Main.storyboard;
			sourceTree = "<group>";
		};
		F5045A9C1EDDA5B200D5B602 /* LaunchScreen.storyboard */ = {
			isa = PBXVariantGroup;
			children = (
				F5045A9D1EDDA5B200D5B602 /* Base */,
			);
			name = LaunchScreen.storyboard;
			sourceTree = "<group>";
		};
/* End PBXVariantGroup section */

/* Begin XCBuildConfiguration section */
		F5045AA01EDDA5B200D5B602 /* Debug */ = {
			isa = XCBuildConfiguration;
			buildSettings = {
				ALWAYS_SEARCH_USER_PATHS = NO;
				CLANG_ANALYZER_NONNULL = YES;
				CLANG_ANALYZER_NUMBER_OBJECT_CONVERSION = YES_AGGRESSIVE;
				CLANG_CXX_LANGUAGE_STANDARD = "gnu++0x";
				CLANG_CXX_LIBRARY = "libc++";
				CLANG_ENABLE_MODULES = YES;
				CLANG_ENABLE_OBJC_ARC = YES;
				CLANG_WARN_BOOL_CONVERSION = YES;
				CLANG_WARN_CONSTANT_CONVERSION = YES;
				CLANG_WARN_DIRECT_OBJC_ISA_USAGE = YES_ERROR;
				CLANG_WARN_DOCUMENTATION_COMMENTS = YES;
				CLANG_WARN_EMPTY_BODY = YES;
				CLANG_WARN_ENUM_CONVERSION = YES;
				CLANG_WARN_INFINITE_RECURSION = YES;
				CLANG_WARN_INT_CONVERSION = YES;
				CLANG_WARN_OBJC_ROOT_CLASS = YES_ERROR;
				CLANG_WARN_SUSPICIOUS_MOVE = YES;
				CLANG_WARN_UNREACHABLE_CODE = YES;
				CLANG_WARN__DUPLICATE_METHOD_MATCH = YES;
				"CODE_SIGN_IDENTITY[sdk=iphoneos*]" = "iPhone Developer";
				COPY_PHASE_STRIP = NO;
				DEBUG_INFORMATION_FORMAT = dwarf;
				ENABLE_STRICT_OBJC_MSGSEND = YES;
				ENABLE_TESTABILITY = YES;
				GCC_C_LANGUAGE_STANDARD = gnu99;
				GCC_DYNAMIC_NO_PIC = NO;
				GCC_NO_COMMON_BLOCKS = YES;
				GCC_OPTIMIZATION_LEVEL = 0;
				GCC_PREPROCESSOR_DEFINITIONS = (
					"DEBUG=1",
					"$(inherited)",
				);
				GCC_WARN_64_TO_32_BIT_CONVERSION = YES;
				GCC_WARN_ABOUT_RETURN_TYPE = YES_ERROR;
				GCC_WARN_UNDECLARED_SELECTOR = YES;
				GCC_WARN_UNINITIALIZED_AUTOS = YES_AGGRESSIVE;
				GCC_WARN_UNUSED_FUNCTION = YES;
				GCC_WARN_UNUSED_VARIABLE = YES;
				IPHONEOS_DEPLOYMENT_TARGET = 10.3;
				MTL_ENABLE_DEBUG_INFO = YES;
				ONLY_ACTIVE_ARCH = YES;
				SDKROOT = iphoneos;
				SWIFT_ACTIVE_COMPILATION_CONDITIONS = DEBUG;
				SWIFT_OPTIMIZATION_LEVEL = "-Onone";
			};
			name = Debug;
		};
		F5045AA11EDDA5B200D5B602 /* Release */ = {
			isa = XCBuildConfiguration;
			buildSettings = {
				ALWAYS_SEARCH_USER_PATHS = NO;
				CLANG_ANALYZER_NONNULL = YES;
				CLANG_ANALYZER_NUMBER_OBJECT_CONVERSION = YES_AGGRESSIVE;
				CLANG_CXX_LANGUAGE_STANDARD = "gnu++0x";
				CLANG_CXX_LIBRARY = "libc++";
				CLANG_ENABLE_MODULES = YES;
				CLANG_ENABLE_OBJC_ARC = YES;
				CLANG_WARN_BOOL_CONVERSION = YES;
				CLANG_WARN_CONSTANT_CONVERSION = YES;
				CLANG_WARN_DIRECT_OBJC_ISA_USAGE = YES_ERROR;
				CLANG_WARN_DOCUMENTATION_COMMENTS = YES;
				CLANG_WARN_EMPTY_BODY = YES;
				CLANG_WARN_ENUM_CONVERSION = YES;
				CLANG_WARN_INFINITE_RECURSION = YES;
				CLANG_WARN_INT_CONVERSION = YES;
				CLANG_WARN_OBJC_ROOT_CLASS = YES_ERROR;
				CLANG_WARN_SUSPICIOUS_MOVE = YES;
				CLANG_WARN_UNREACHABLE_CODE = YES;
				CLANG_WARN__DUPLICATE_METHOD_MATCH = YES;
				"CODE_SIGN_IDENTITY[sdk=iphoneos*]" = "iPhone Developer";
				COPY_PHASE_STRIP = NO;
				DEBUG_INFORMATION_FORMAT = "dwarf-with-dsym";
				ENABLE_NS_ASSERTIONS = NO;
				ENABLE_STRICT_OBJC_MSGSEND = YES;
				GCC_C_LANGUAGE_STANDARD = gnu99;
				GCC_NO_COMMON_BLOCKS = YES;
				GCC_WARN_64_TO_32_BIT_CONVERSION = YES;
				GCC_WARN_ABOUT_RETURN_TYPE = YES_ERROR;
				GCC_WARN_UNDECLARED_SELECTOR = YES;
				GCC_WARN_UNINITIALIZED_AUTOS = YES_AGGRESSIVE;
				GCC_WARN_UNUSED_FUNCTION = YES;
				GCC_WARN_UNUSED_VARIABLE = YES;
				IPHONEOS_DEPLOYMENT_TARGET = 10.3;
				MTL_ENABLE_DEBUG_INFO = NO;
				SDKROOT = iphoneos;
				SWIFT_OPTIMIZATION_LEVEL = "-Owholemodule";
				VALIDATE_PRODUCT = YES;
			};
			name = Release;
		};
		F5045AA31EDDA5B200D5B602 /* Debug */ = {
			isa = XCBuildConfiguration;
			buildSettings = {
				ASSETCATALOG_COMPILER_APPICON_NAME = AppIcon;
				DEVELOPMENT_TEAM = V7Y7N3XL88;
				INFOPLIST_FILE = pokemon/Info.plist;
				LD_RUNPATH_SEARCH_PATHS = "$(inherited) @executable_path/Frameworks";
				PRODUCT_BUNDLE_IDENTIFIER = eric.pokemon;
				PRODUCT_NAME = "$(TARGET_NAME)";
				SWIFT_VERSION = 3.0;
			};
			name = Debug;
		};
		F5045AA41EDDA5B200D5B602 /* Release */ = {
			isa = XCBuildConfiguration;
			buildSettings = {
				ASSETCATALOG_COMPILER_APPICON_NAME = AppIcon;
				DEVELOPMENT_TEAM = V7Y7N3XL88;
				INFOPLIST_FILE = pokemon/Info.plist;
				LD_RUNPATH_SEARCH_PATHS = "$(inherited) @executable_path/Frameworks";
				PRODUCT_BUNDLE_IDENTIFIER = eric.pokemon;
				PRODUCT_NAME = "$(TARGET_NAME)";
				SWIFT_VERSION = 3.0;
			};
			name = Release;
		};
/* End XCBuildConfiguration section */

/* Begin XCConfigurationList section */
		F5045A8B1EDDA5B200D5B602 /* Build configuration list for PBXProject "pokemon" */ = {
			isa = XCConfigurationList;
			buildConfigurations = (
				F5045AA01EDDA5B200D5B602 /* Debug */,
				F5045AA11EDDA5B200D5B602 /* Release */,
			);
			defaultConfigurationIsVisible = 0;
			defaultConfigurationName = Release;
		};
		F5045AA21EDDA5B200D5B602 /* Build configuration list for PBXNativeTarget "pokemon" */ = {
			isa = XCConfigurationList;
			buildConfigurations = (
				F5045AA31EDDA5B200D5B602 /* Debug */,
				F5045AA41EDDA5B200D5B602 /* Release */,
			);
			defaultConfigurationIsVisible = 0;
			defaultConfigurationName = Release;
		};
/* End XCConfigurationList section */
	};
	rootObject = F5045A881EDDA5B200D5B602 /* Project object */;
}
